
Microsoft Visual Studio Solution File, Format Version 12.00
# Visual Studio Version 17
VisualStudioVersion = 17.14.36623.8 d17.14
MinimumVisualStudioVersion = 10.0.40219.1
Project("{FAE04EC0-301F-11D3-BF4B-00C04F79EFBC}") = "class_06", "class_06\class_06.csproj", "{B0D2F73A-5988-47D3-BFB2-A7C0EB3C133B}"
EndProject
Global
	GlobalSection(SolutionConfigurationPlatforms) = preSolution
		Debug|Any CPU = Debug|Any CPU
		Release|Any CPU = Release|Any CPU
	EndGlobalSection
	GlobalSection(ProjectConfigurationPlatforms) = postSolution
		{B0D2F73A-5988-47D3-BFB2-A7C0EB3C133B}.Debug|Any CPU.ActiveCfg = Debug|Any CPU
		{B0D2F73A-5988-47D3-BFB2-A7C0EB3C133B}.Debug|Any CPU.Build.0 = Debug|Any CPU
		{B0D2F73A-5988-47D3-BFB2-A7C0EB3C133B}.Release|Any CPU.ActiveCfg = Release|Any CPU
		{B0D2F73A-5988-47D3-BFB2-A7C0EB3C133B}.Release|Any CPU.Build.0 = Release|Any CPU
	EndGlobalSection
	GlobalSection(SolutionProperties) = preSolution
		HideSolutionNode = FALSE
	EndGlobalSection
	GlobalSection(ExtensibilityGlobals) = postSolution
		SolutionGuid = {FD059FA6-D0DD-4937-98AD-82CBA1635022}
	EndGlobalSection
EndGlobal
