
Microsoft Visual Studio Solution File, Format Version 12.00
# Visual Studio Version 17
VisualStudioVersion = 17.14.36623.8 d17.14
MinimumVisualStudioVersion = 10.0.40219.1
Project("{FAE04EC0-301F-11D3-BF4B-00C04F79EFBC}") = "class_01", "class_01\class_01.csproj", "{DD114523-5223-4B63-A264-D3B43C7055CD}"
EndProject
Global
	GlobalSection(SolutionConfigurationPlatforms) = preSolution
		Debug|Any CPU = Debug|Any CPU
		Release|Any CPU = Release|Any CPU
	EndGlobalSection
	GlobalSection(ProjectConfigurationPlatforms) = postSolution
		{DD114523-5223-4B63-A264-D3B43C7055CD}.Debug|Any CPU.ActiveCfg = Debug|Any CPU
		{DD114523-5223-4B63-A264-D3B43C7055CD}.Debug|Any CPU.Build.0 = Debug|Any CPU
		{DD114523-5223-4B63-A264-D3B43C7055CD}.Release|Any CPU.ActiveCfg = Release|Any CPU
		{DD114523-5223-4B63-A264-D3B43C7055CD}.Release|Any CPU.Build.0 = Release|Any CPU
	EndGlobalSection
	GlobalSection(SolutionProperties) = preSolution
		HideSolutionNode = FALSE
	EndGlobalSection
	GlobalSection(ExtensibilityGlobals) = postSolution
		SolutionGuid = {0F3D6DDB-F366-459C-ACDA-6BF409F8B241}
	EndGlobalSection
EndGlobal
